
Microsoft Visual Studio Solution File, Format Version 12.00
# Visual Studio 15
VisualStudioVersion = 15.0.28307.705
MinimumVisualStudioVersion = 10.0.40219.1
Project("{FAE04EC0-301F-11D3-BF4B-00C04F79EFBC}") = "ACTest", "ACTest\ACTest.csproj", "{CBA5D3BA-D34C-4646-8AE9-3B3950982CEF}"
EndProject
Global
	GlobalSection(SolutionConfigurationPlatforms) = preSolution
		Debug|Any CPU = Debug|Any CPU
		Release|Any CPU = Release|Any CPU
	EndGlobalSection
	GlobalSection(ProjectConfigurationPlatforms) = postSolution
		{CBA5D3BA-D34C-4646-8AE9-3B3950982CEF}.Debug|Any CPU.ActiveCfg = Debug|Any CPU
		{CBA5D3BA-D34C-4646-8AE9-3B3950982CEF}.Debug|Any CPU.Build.0 = Debug|Any CPU
		{CBA5D3BA-D34C-4646-8AE9-3B3950982CEF}.Release|Any CPU.ActiveCfg = Release|Any CPU
		{CBA5D3BA-D34C-4646-8AE9-3B3950982CEF}.Release|Any CPU.Build.0 = Release|Any CPU
	EndGlobalSection
	GlobalSection(SolutionProperties) = preSolution
		HideSolutionNode = FALSE
	EndGlobalSection
	GlobalSection(ExtensibilityGlobals) = postSolution
		SolutionGuid = {CBFF2A07-53F3-40D4-A522-479C754B3DF9}
	EndGlobalSection
EndGlobal
